
Microsoft Visual Studio Solution File, Format Version 12.00
# Visual Studio Version 16
VisualStudioVersion = 16.0.30804.86
MinimumVisualStudioVersion = 10.0.40219.1
Project("{FAE04EC0-301F-11D3-BF4B-00C04F79EFBC}") = "ElephantSwap", "ElephantSwap\ElephantSwap.csproj", "{854984AF-2359-49B7-B20E-D6EA912660CE}"
EndProject
Global
	GlobalSection(SolutionConfigurationPlatforms) = preSolution
		Debug|Any CPU = Debug|Any CPU
		Release|Any CPU = Release|Any CPU
	EndGlobalSection
	GlobalSection(ProjectConfigurationPlatforms) = postSolution
		{854984AF-2359-49B7-B20E-D6EA912660CE}.Debug|Any CPU.ActiveCfg = Debug|Any CPU
		{854984AF-2359-49B7-B20E-D6EA912660CE}.Debug|Any CPU.Build.0 = Debug|Any CPU
		{854984AF-2359-49B7-B20E-D6EA912660CE}.Release|Any CPU.ActiveCfg = Release|Any CPU
		{854984AF-2359-49B7-B20E-D6EA912660CE}.Release|Any CPU.Build.0 = Release|Any CPU
	EndGlobalSection
	GlobalSection(SolutionProperties) = preSolution
		HideSolutionNode = FALSE
	EndGlobalSection
	GlobalSection(ExtensibilityGlobals) = postSolution
		SolutionGuid = {5CE63689-361F-4568-AA4A-7114A4FBEC71}
	EndGlobalSection
EndGlobal
